// !$*UTF8*$!
{
	archiveVersion = 1;
	classes = {
	};
	objectVersion = 50;
	objects = {

/* Begin PBXBuildFile section */
		42326BB624697F9300F4F0C1 /* AppDelegate.swift in Sources */ = {isa = PBXBuildFile; fileRef = 42326BB524697F9300F4F0C1 /* AppDelegate.swift */; };
		42326BB824697F9300F4F0C1 /* SceneDelegate.swift in Sources */ = {isa = PBXBuildFile; fileRef = 42326BB724697F9300F4F0C1 /* SceneDelegate.swift */; };
		42326BBA24697F9300F4F0C1 /* ViewController.swift in Sources */ = {isa = PBXBuildFile; fileRef = 42326BB924697F9300F4F0C1 /* ViewController.swift */; };
		42326BBD24697F9300F4F0C1 /* Main.storyboard in Resources */ = {isa = PBXBuildFile; fileRef = 42326BBB24697F9300F4F0C1 /* Main.storyboard */; };
		42326BBF24697F9400F4F0C1 /* Assets.xcassets in Resources */ = {isa = PBXBuildFile; fileRef = 42326BBE24697F9400F4F0C1 /* Assets.xcassets */; };
		42326BC224697F9400F4F0C1 /* LaunchScreen.storyboard in Resources */ = {isa = PBXBuildFile; fileRef = 42326BC024697F9400F4F0C1 /* LaunchScreen.storyboard */; };
		42326BCA2469816300F4F0C1 /* Note.swift in Sources */ = {isa = PBXBuildFile; fileRef = 42326BC92469816300F4F0C1 /* Note.swift */; };
		42326BCC246ABEFB00F4F0C1 /* NoteViewController.swift in Sources */ = {isa = PBXBuildFile; fileRef = 42326BCB246ABEFB00F4F0C1 /* NoteViewController.swift */; };
/* End PBXBuildFile section */

/* Begin PBXFileReference section */
		42326BB224697F9300F4F0C1 /* Notes_.app */ = {isa = PBXFileReference; explicitFileType = wrapper.application; includeInIndex = 0; path = Notes_.app; sourceTree = BUILT_PRODUCTS_DIR; };
		42326BB524697F9300F4F0C1 /* AppDelegate.swift */ = {isa = PBXFileReference; lastKnownFileType = sourcecode.swift; path = AppDelegate.swift; sourceTree = "<group>"; };
		42326BB724697F9300F4F0C1 /* SceneDelegate.swift */ = {isa = PBXFileReference; lastKnownFileType = sourcecode.swift; path = SceneDelegate.swift; sourceTree = "<group>"; };
		42326BB924697F9300F4F0C1 /* ViewController.swift */ = {isa = PBXFileReference; lastKnownFileType = sourcecode.swift; path = ViewController.swift; sourceTree = "<group>"; };
		42326BBC24697F9300F4F0C1 /* Base */ = {isa = PBXFileReference; lastKnownFileType = file.storyboard; name = Base; path = Base.lproj/Main.storyboard; sourceTree = "<group>"; };
		42326BBE24697F9400F4F0C1 /* Assets.xcassets */ = {isa = PBXFileReference; lastKnownFileType = folder.assetcatalog; path = Assets.xcassets; sourceTree = "<group>"; };
		42326BC124697F9400F4F0C1 /* Base */ = {isa = PBXFileReference; lastKnownFileType = file.storyboard; name = Base; path = Base.lproj/LaunchScreen.storyboard; sourceTree = "<group>"; };
		42326BC324697F9400F4F0C1 /* Info.plist */ = {isa = PBXFileReference; lastKnownFileType = text.plist.xml; path = Info.plist; sourceTree = "<group>"; };
		42326BC92469816300F4F0C1 /* Note.swift */ = {isa = PBXFileReference; lastKnownFileType = sourcecode.swift; path = Note.swift; sourceTree = "<group>"; };
		42326BCB246ABEFB00F4F0C1 /* NoteViewController.swift */ = {isa = PBXFileReference; lastKnownFileType = sourcecode.swift; path = NoteViewController.swift; sourceTree = "<group>"; };
/* End PBXFileReference section */

/* Begin PBXFrameworksBuildPhase section */
		42326BAF24697F9300F4F0C1 /* Frameworks */ = {
			isa = PBXFrameworksBuildPhase;
			buildActionMask = 2147483647;
			files = (
			);
			runOnlyForDeploymentPostprocessing = 0;
		};
/* End PBXFrameworksBuildPhase section */

/* Begin PBXGroup section */
		42326BA924697F9300F4F0C1 = {
			isa = PBXGroup;
			children = (
				42326BB424697F9300F4F0C1 /* Notes_ */,
				42326BB324697F9300F4F0C1 /* Products */,
			);
			sourceTree = "<group>";
		};
		42326BB324697F9300F4F0C1 /* Products */ = {
			isa = PBXGroup;
			children = (
				42326BB224697F9300F4F0C1 /* Notes_.app */,
			);
			name = Products;
			sourceTree = "<group>";
		};
		42326BB424697F9300F4F0C1 /* Notes_ */ = {
			isa = PBXGroup;
			children = (
				42326BB524697F9300F4F0C1 /* AppDelegate.swift */,
				42326BB724697F9300F4F0C1 /* SceneDelegate.swift */,
				42326BCB246ABEFB00F4F0C1 /* NoteViewController.swift */,
				42326BC92469816300F4F0C1 /* Note.swift */,
				42326BB924697F9300F4F0C1 /* ViewController.swift */,
				42326BBB24697F9300F4F0C1 /* Main.storyboard */,
				42326BBE24697F9400F4F0C1 /* Assets.xcassets */,
				42326BC024697F9400F4F0C1 /* LaunchScreen.storyboard */,
				42326BC324697F9400F4F0C1 /* Info.plist */,
			);
			path = Notes_;
			sourceTree = "<group>";
		};
/* End PBXGroup section */

/* Begin PBXNativeTarget section */
		42326BB124697F9300F4F0C1 /* Notes_ */ = {
			isa = PBXNativeTarget;
			buildConfigurationList = 42326BC624697F9400F4F0C1 /* Build configuration list for PBXNativeTarget "Notes_" */;
			buildPhases = (
				42326BAE24697F9300F4F0C1 /* Sources */,
				42326BAF24697F9300F4F0C1 /* Frameworks */,
				42326BB024697F9300F4F0C1 /* Resources */,
			);
			buildRules = (
			);
			dependencies = (
			);
			name = Notes_;
			productName = Notes_;
			productReference = 42326BB224697F9300F4F0C1 /* Notes_.app */;
			productType = "com.apple.product-type.application";
		};
/* End PBXNativeTarget section */

/* Begin PBXProject section */
		42326BAA24697F9300F4F0C1 /* Project object */ = {
			isa = PBXProject;
			attributes = {
				LastSwiftUpdateCheck = 1130;
				LastUpgradeCheck = 1130;
				ORGANIZATIONNAME = raza_s;
				TargetAttributes = {
					42326BB124697F9300F4F0C1 = {
						CreatedOnToolsVersion = 11.3.1;
					};
				};
			};
			buildConfigurationList = 42326BAD24697F9300F4F0C1 /* Build configuration list for PBXProject "Notes_" */;
			compatibilityVersion = "Xcode 9.3";
			developmentRegion = en;
			hasScannedForEncodings = 0;
			knownRegions = (
				en,
				Base,
			);
			mainGroup = 42326BA924697F9300F4F0C1;
			productRefGroup = 42326BB324697F9300F4F0C1 /* Products */;
			projectDirPath = "";
			projectRoot = "";
			targets = (
				42326BB124697F9300F4F0C1 /* Notes_ */,
			);
		};
/* End PBXProject section */

/* Begin PBXResourcesBuildPhase section */
		42326BB024697F9300F4F0C1 /* Resources */ = {
			isa = PBXResourcesBuildPhase;
			buildActionMask = 2147483647;
			files = (
				42326BC224697F9400F4F0C1 /* LaunchScreen.storyboard in Resources */,
				42326BBF24697F9400F4F0C1 /* Assets.xcassets in Resources */,
				42326BBD24697F9300F4F0C1 /* Main.storyboard in Resources */,
			);
			runOnlyForDeploymentPostprocessing = 0;
		};
/* End PBXResourcesBuildPhase section */

/* Begin PBXSourcesBuildPhase section */
		42326BAE24697F9300F4F0C1 /* Sources */ = {
			isa = PBXSourcesBuildPhase;
			buildActionMask = 2147483647;
			files = (
				42326BBA24697F9300F4F0C1 /* ViewController.swift in Sources */,
				42326BB624697F9300F4F0C1 /* AppDelegate.swift in Sources */,
				42326BB824697F9300F4F0C1 /* SceneDelegate.swift in Sources */,
				42326BCC246ABEFB00F4F0C1 /* NoteViewController.swift in Sources */,
				42326BCA2469816300F4F0C1 /* Note.swift in Sources */,
			);
			runOnlyForDeploymentPostprocessing = 0;
		};
/* End PBXSourcesBuildPhase section */

/* Begin PBXVariantGroup section */
		42326BBB24697F9300F4F0C1 /* Main.storyboard */ = {
			isa = PBXVariantGroup;
			children = (
				42326BBC24697F9300F4F0C1 /* Base */,
			);
			name = Main.storyboard;
			sourceTree = "<group>";
		};
		42326BC024697F9400F4F0C1 /* LaunchScreen.storyboard */ = {
			isa = PBXVariantGroup;
			children = (
				42326BC124697F9400F4F0C1 /* Base */,
			);
			name = LaunchScreen.storyboard;
			sourceTree = "<group>";
		};
/* End PBXVariantGroup section */

/* Begin XCBuildConfiguration section */
		42326BC424697F9400F4F0C1 /* Debug */ = {
			isa = XCBuildConfiguration;
			buildSettings = {
				ALWAYS_SEARCH_USER_PATHS = NO;
				CLANG_ANALYZER_NONNULL = YES;
				CLANG_ANALYZER_NUMBER_OBJECT_CONVERSION = YES_AGGRESSIVE;
				CLANG_CXX_LANGUAGE_STANDARD = "gnu++14";
				CLANG_CXX_LIBRARY = "libc++";
				CLANG_ENABLE_MODULES = YES;
				CLANG_ENABLE_OBJC_ARC = YES;
				CLANG_ENABLE_OBJC_WEAK = YES;
				CLANG_WARN_BLOCK_CAPTURE_AUTORELEASING = YES;
				CLANG_WARN_BOOL_CONVERSION = YES;
				CLANG_WARN_COMMA = YES;
				CLANG_WARN_CONSTANT_CONVERSION = YES;
				CLANG_WARN_DEPRECATED_OBJC_IMPLEMENTATIONS = YES;
				CLANG_WARN_DIRECT_OBJC_ISA_USAGE = YES_ERROR;
				CLANG_WARN_DOCUMENTATION_COMMENTS = YES;
				CLANG_WARN_EMPTY_BODY = YES;
				CLANG_WARN_ENUM_CONVERSION = YES;
				CLANG_WARN_INFINITE_RECURSION = YES;
				CLANG_WARN_INT_CONVERSION = YES;
				CLANG_WARN_NON_LITERAL_NULL_CONVERSION = YES;
				CLANG_WARN_OBJC_IMPLICIT_RETAIN_SELF = YES;
				CLANG_WARN_OBJC_LITERAL_CONVERSION = YES;
				CLANG_WARN_OBJC_ROOT_CLASS = YES_ERROR;
				CLANG_WARN_RANGE_LOOP_ANALYSIS = YES;
				CLANG_WARN_STRICT_PROTOTYPES = YES;
				CLANG_WARN_SUSPICIOUS_MOVE = YES;
				CLANG_WARN_UNGUARDED_AVAILABILITY = YES_AGGRESSIVE;
				CLANG_WARN_UNREACHABLE_CODE = YES;
				CLANG_WARN__DUPLICATE_METHOD_MATCH = YES;
				COPY_PHASE_STRIP = NO;
				DEBUG_INFORMATION_FORMAT = dwarf;
				ENABLE_STRICT_OBJC_MSGSEND = YES;
				ENABLE_TESTABILITY = YES;
				GCC_C_LANGUAGE_STANDARD = gnu11;
				GCC_DYNAMIC_NO_PIC = NO;
				GCC_NO_COMMON_BLOCKS = YES;
				GCC_OPTIMIZATION_LEVEL = 0;
				GCC_PREPROCESSOR_DEFINITIONS = (
					"DEBUG=1",
					"$(inherited)",
				);
				GCC_WARN_64_TO_32_BIT_CONVERSION = YES;
				GCC_WARN_ABOUT_RETURN_TYPE = YES_ERROR;
				GCC_WARN_UNDECLARED_SELECTOR = YES;
				GCC_WARN_UNINITIALIZED_AUTOS = YES_AGGRESSIVE;
				GCC_WARN_UNUSED_FUNCTION = YES;
				GCC_WARN_UNUSED_VARIABLE = YES;
				IPHONEOS_DEPLOYMENT_TARGET = 13.2;
				MTL_ENABLE_DEBUG_INFO = INCLUDE_SOURCE;
				MTL_FAST_MATH = YES;
				ONLY_ACTIVE_ARCH = YES;
				SDKROOT = iphoneos;
				SWIFT_ACTIVE_COMPILATION_CONDITIONS = DEBUG;
				SWIFT_OPTIMIZATION_LEVEL = "-Onone";
			};
			name = Debug;
		};
		42326BC524697F9400F4F0C1 /* Release */ = {
			isa = XCBuildConfiguration;
			buildSettings = {
				ALWAYS_SEARCH_USER_PATHS = NO;
				CLANG_ANALYZER_NONNULL = YES;
				CLANG_ANALYZER_NUMBER_OBJECT_CONVERSION = YES_AGGRESSIVE;
				CLANG_CXX_LANGUAGE_STANDARD = "gnu++14";
				CLANG_CXX_LIBRARY = "libc++";
				CLANG_ENABLE_MODULES = YES;
				CLANG_ENABLE_OBJC_ARC = YES;
				CLANG_ENABLE_OBJC_WEAK = YES;
				CLANG_WARN_BLOCK_CAPTURE_AUTORELEASING = YES;
				CLANG_WARN_BOOL_CONVERSION = YES;
				CLANG_WARN_COMMA = YES;
				CLANG_WARN_CONSTANT_CONVERSION = YES;
				CLANG_WARN_DEPRECATED_OBJC_IMPLEMENTATIONS = YES;
				CLANG_WARN_DIRECT_OBJC_ISA_USAGE = YES_ERROR;
				CLANG_WARN_DOCUMENTATION_COMMENTS = YES;
				CLANG_WARN_EMPTY_BODY = YES;
				CLANG_WARN_ENUM_CONVERSION = YES;
				CLANG_WARN_INFINITE_RECURSION = YES;
				CLANG_WARN_INT_CONVERSION = YES;
				CLANG_WARN_NON_LITERAL_NULL_CONVERSION = YES;
				CLANG_WARN_OBJC_IMPLICIT_RETAIN_SELF = YES;
				CLANG_WARN_OBJC_LITERAL_CONVERSION = YES;
				CLANG_WARN_OBJC_ROOT_CLASS = YES_ERROR;
				CLANG_WARN_RANGE_LOOP_ANALYSIS = YES;
				CLANG_WARN_STRICT_PROTOTYPES = YES;
				CLANG_WARN_SUSPICIOUS_MOVE = YES;
				CLANG_WARN_UNGUARDED_AVAILABILITY = YES_AGGRESSIVE;
				CLANG_WARN_UNREACHABLE_CODE = YES;
				CLANG_WARN__DUPLICATE_METHOD_MATCH = YES;
				COPY_PHASE_STRIP = NO;
				DEBUG_INFORMATION_FORMAT = "dwarf-with-dsym";
				ENABLE_NS_ASSERTIONS = NO;
				ENABLE_STRICT_OBJC_MSGSEND = YES;
				GCC_C_LANGUAGE_STANDARD = gnu11;
				GCC_NO_COMMON_BLOCKS = YES;
				GCC_WARN_64_TO_32_BIT_CONVERSION = YES;
				GCC_WARN_ABOUT_RETURN_TYPE = YES_ERROR;
				GCC_WARN_UNDECLARED_SELECTOR = YES;
				GCC_WARN_UNINITIALIZED_AUTOS = YES_AGGRESSIVE;
				GCC_WARN_UNUSED_FUNCTION = YES;
				GCC_WARN_UNUSED_VARIABLE = YES;
				IPHONEOS_DEPLOYMENT_TARGET = 13.2;
				MTL_ENABLE_DEBUG_INFO = NO;
				MTL_FAST_MATH = YES;
				SDKROOT = iphoneos;
				SWIFT_COMPILATION_MODE = wholemodule;
				SWIFT_OPTIMIZATION_LEVEL = "-O";
				VALIDATE_PRODUCT = YES;
			};
			name = Release;
		};
		42326BC724697F9400F4F0C1 /* Debug */ = {
			isa = XCBuildConfiguration;
			buildSettings = {
				ASSETCATALOG_COMPILER_APPICON_NAME = AppIcon;
				CODE_SIGN_STYLE = Automatic;
				INFOPLIST_FILE = Notes_/Info.plist;
				LD_RUNPATH_SEARCH_PATHS = (
					"$(inherited)",
					"@executable_path/Frameworks",
				);
				PRODUCT_BUNDLE_IDENTIFIER = "rts.Notes-";
				PRODUCT_NAME = "$(TARGET_NAME)";
				SWIFT_VERSION = 5.0;
				TARGETED_DEVICE_FAMILY = "1,2";
			};
			name = Debug;
		};
		42326BC824697F9400F4F0C1 /* Release */ = {
			isa = XCBuildConfiguration;
			buildSettings = {
				ASSETCATALOG_COMPILER_APPICON_NAME = AppIcon;
				CODE_SIGN_STYLE = Automatic;
				INFOPLIST_FILE = Notes_/Info.plist;
				LD_RUNPATH_SEARCH_PATHS = (
					"$(inherited)",
					"@executable_path/Frameworks",
				);
				PRODUCT_BUNDLE_IDENTIFIER = "rts.Notes-";
				PRODUCT_NAME = "$(TARGET_NAME)";
				SWIFT_VERSION = 5.0;
				TARGETED_DEVICE_FAMILY = "1,2";
			};
			name = Release;
		};
/* End XCBuildConfiguration section */

/* Begin XCConfigurationList section */
		42326BAD24697F9300F4F0C1 /* Build configuration list for PBXProject "Notes_" */ = {
			isa = XCConfigurationList;
			buildConfigurations = (
				42326BC424697F9400F4F0C1 /* Debug */,
				42326BC524697F9400F4F0C1 /* Release */,
			);
			defaultConfigurationIsVisible = 0;
			defaultConfigurationName = Release;
		};
		42326BC624697F9400F4F0C1 /* Build configuration list for PBXNativeTarget "Notes_" */ = {
			isa = XCConfigurationList;
			buildConfigurations = (
				42326BC724697F9400F4F0C1 /* Debug */,
				42326BC824697F9400F4F0C1 /* Release */,
			);
			defaultConfigurationIsVisible = 0;
			defaultConfigurationName = Release;
		};
/* End XCConfigurationList section */
	};
	rootObject = 42326BAA24697F9300F4F0C1 /* Project object */;
}
